
Microsoft Visual Studio Solution File, Format Version 12.00
# Visual Studio Version 17
VisualStudioVersion = 17.6.33723.286
MinimumVisualStudioVersion = 10.0.40219.1
Project("{FAE04EC0-301F-11D3-BF4B-00C04F79EFBC}") = "UpworkProject.Web", "UpworkProject.Web\UpworkProject.Web.csproj", "{7CCBFA7E-F30B-44E3-9442-E4B9078C574B}"
EndProject
Project("{FAE04EC0-301F-11D3-BF4B-00C04F79EFBC}") = "UpworkProject.Models", "UpworkProject.Models\UpworkProject.Models.csproj", "{8A2513E3-468E-4AE7-BF11-F5E342B605A9}"
EndProject
Project("{FAE04EC0-301F-11D3-BF4B-00C04F79EFBC}") = "UpworkProject.Services", "UpworkProject.Services\UpworkProject.Services.csproj", "{334CA2CF-B69C-42D3-A2CF-6146D59D2B11}"
EndProject
Project("{FAE04EC0-301F-11D3-BF4B-00C04F79EFBC}") = "UpworkProject.Commons", "UpworkProject.Commons\UpworkProject.Commons.csproj", "{6AB21EDA-8947-4F57-A159-152425CBFE12}"
EndProject
Project("{FAE04EC0-301F-11D3-BF4B-00C04F79EFBC}") = "UpworkProject.Repositories", "UpworkProject.Repositories\UpworkProject.Repositories.csproj", "{A5BF55FC-2E33-47E6-8E2E-1AB717537E3A}"
EndProject
Global
	GlobalSection(SolutionConfigurationPlatforms) = preSolution
		Debug|Any CPU = Debug|Any CPU
		Release|Any CPU = Release|Any CPU
	EndGlobalSection
	GlobalSection(ProjectConfigurationPlatforms) = postSolution
		{7CCBFA7E-F30B-44E3-9442-E4B9078C574B}.Debug|Any CPU.ActiveCfg = Debug|Any CPU
		{7CCBFA7E-F30B-44E3-9442-E4B9078C574B}.Debug|Any CPU.Build.0 = Debug|Any CPU
		{7CCBFA7E-F30B-44E3-9442-E4B9078C574B}.Release|Any CPU.ActiveCfg = Release|Any CPU
		{7CCBFA7E-F30B-44E3-9442-E4B9078C574B}.Release|Any CPU.Build.0 = Release|Any CPU
		{8A2513E3-468E-4AE7-BF11-F5E342B605A9}.Debug|Any CPU.ActiveCfg = Debug|Any CPU
		{8A2513E3-468E-4AE7-BF11-F5E342B605A9}.Debug|Any CPU.Build.0 = Debug|Any CPU
		{8A2513E3-468E-4AE7-BF11-F5E342B605A9}.Release|Any CPU.ActiveCfg = Release|Any CPU
		{8A2513E3-468E-4AE7-BF11-F5E342B605A9}.Release|Any CPU.Build.0 = Release|Any CPU
		{334CA2CF-B69C-42D3-A2CF-6146D59D2B11}.Debug|Any CPU.ActiveCfg = Debug|Any CPU
		{334CA2CF-B69C-42D3-A2CF-6146D59D2B11}.Debug|Any CPU.Build.0 = Debug|Any CPU
		{334CA2CF-B69C-42D3-A2CF-6146D59D2B11}.Release|Any CPU.ActiveCfg = Release|Any CPU
		{334CA2CF-B69C-42D3-A2CF-6146D59D2B11}.Release|Any CPU.Build.0 = Release|Any CPU
		{6AB21EDA-8947-4F57-A159-152425CBFE12}.Debug|Any CPU.ActiveCfg = Debug|Any CPU
		{6AB21EDA-8947-4F57-A159-152425CBFE12}.Debug|Any CPU.Build.0 = Debug|Any CPU
		{6AB21EDA-8947-4F57-A159-152425CBFE12}.Release|Any CPU.ActiveCfg = Release|Any CPU
		{6AB21EDA-8947-4F57-A159-152425CBFE12}.Release|Any CPU.Build.0 = Release|Any CPU
		{A5BF55FC-2E33-47E6-8E2E-1AB717537E3A}.Debug|Any CPU.ActiveCfg = Debug|Any CPU
		{A5BF55FC-2E33-47E6-8E2E-1AB717537E3A}.Debug|Any CPU.Build.0 = Debug|Any CPU
		{A5BF55FC-2E33-47E6-8E2E-1AB717537E3A}.Release|Any CPU.ActiveCfg = Release|Any CPU
		{A5BF55FC-2E33-47E6-8E2E-1AB717537E3A}.Release|Any CPU.Build.0 = Release|Any CPU
	EndGlobalSection
	GlobalSection(SolutionProperties) = preSolution
		HideSolutionNode = FALSE
	EndGlobalSection
	GlobalSection(ExtensibilityGlobals) = postSolution
		SolutionGuid = {6B4B43D9-107F-43BF-9021-373130806A55}
	EndGlobalSection
EndGlobal
